
Microsoft Visual Studio Solution File, Format Version 12.00
# Visual Studio Version 17
VisualStudioVersion = 17.1.32414.318
MinimumVisualStudioVersion = 10.0.40219.1
Project("{2150E333-8FDC-42A3-9474-1A3956D46DE8}") = "Microservices", "Microservices", "{29A9398E-44A6-494F-9FB0-5E6FAA1FE849}"
EndProject
Project("{9A19103F-16F7-4668-BE54-9A1E7A4F7556}") = "UsersService.API", "Microservices\UsersService\UsersService.API\UsersService.API.csproj", "{3A9FC50E-4C4C-486F-ACBB-8633C1632A70}"
EndProject
Project("{2150E333-8FDC-42A3-9474-1A3956D46DE8}") = "Infrastucture", "Infrastucture", "{3B49BF2D-D21A-49B0-A1E1-1A5DC599F8F7}"
EndProject
Project("{2150E333-8FDC-42A3-9474-1A3956D46DE8}") = "Core", "Core", "{B5E77D04-54FC-4CB2-8676-09243576737D}"
EndProject
Project("{E53339B2-1760-4266-BCC7-CA923CBCF16C}") = "docker-compose", "docker-compose.dcproj", "{0237B0FA-62AD-4FEF-8DBF-F2FB62D160E4}"
EndProject
Project("{2150E333-8FDC-42A3-9474-1A3956D46DE8}") = "API", "API", "{409FBD95-3425-409A-9391-EEABA86129A8}"
EndProject
Project("{9A19103F-16F7-4668-BE54-9A1E7A4F7556}") = "UsersService.Domain", "Microservices\UsersService\UsersService.Domain\UsersService.Domain.csproj", "{E5420669-D614-4ED5-87B7-85E447948F41}"
EndProject
Project("{9A19103F-16F7-4668-BE54-9A1E7A4F7556}") = "UsersService.Application", "Microservices\UsersService\UsersService.Application\UsersService.Application.csproj", "{285610AA-A859-49A4-9304-CAC1728E5D1D}"
EndProject
Project("{2150E333-8FDC-42A3-9474-1A3956D46DE8}") = "UsersService", "UsersService", "{D5462664-5448-4111-B718-54B3594ABF3A}"
EndProject
Project("{2150E333-8FDC-42A3-9474-1A3956D46DE8}") = "Common", "Common", "{F2C4BCCE-79F8-497D-9C25-446EE28F3032}"
EndProject
Project("{9A19103F-16F7-4668-BE54-9A1E7A4F7556}") = "Common", "Microservices\Common\Common.csproj", "{1C4BF1B9-6685-4207-979E-E77E9C94E4D0}"
EndProject
Project("{9A19103F-16F7-4668-BE54-9A1E7A4F7556}") = "UsersService.Infrastructure.Persistence", "Microservices\UsersService\UsersService.Infrastructure.Persistence\UsersService.Infrastructure.Persistence.csproj", "{061B37D0-3A76-4349-AC6B-31AA0DD3F612}"
EndProject
Project("{2150E333-8FDC-42A3-9474-1A3956D46DE8}") = "OtherService", "OtherService", "{B24759FE-16D5-4194-97FF-11B94B3261E8}"
EndProject
Project("{2150E333-8FDC-42A3-9474-1A3956D46DE8}") = "API", "API", "{9773E8CD-C50F-43C2-B8BE-96E4938C4309}"
EndProject
Project("{2150E333-8FDC-42A3-9474-1A3956D46DE8}") = "Core", "Core", "{931782D4-2127-42E1-BF36-FEA5AA136376}"
EndProject
Project("{2150E333-8FDC-42A3-9474-1A3956D46DE8}") = "Infrastructure", "Infrastructure", "{74C8F4DD-9333-4290-945C-A7368B133373}"
EndProject
Project("{9A19103F-16F7-4668-BE54-9A1E7A4F7556}") = "OtherService.API", "Microservices\OtherService\OtherService.API\OtherService.API.csproj", "{8AF846BE-CC26-41F8-8B79-2DD456DF94F3}"
EndProject
Project("{9A19103F-16F7-4668-BE54-9A1E7A4F7556}") = "OtherService.Application", "Microservices\OtherService\OtherService.Application\OtherService.Application.csproj", "{907D1F30-5A89-437A-A264-9C93881AE34E}"
EndProject
Project("{9A19103F-16F7-4668-BE54-9A1E7A4F7556}") = "OtherService.Domain", "Microservices\OtherService\OtherService.Domain\OtherService.Domain.csproj", "{61E79C53-4833-4699-9460-97E6C886C073}"
EndProject
Project("{9A19103F-16F7-4668-BE54-9A1E7A4F7556}") = "OtherService.Infrastructure.Persistence", "Microservices\OtherService\OtherService.Infrastructure.Persistence\OtherService.Infrastructure.Persistence.csproj", "{9BBD49C6-E7F6-4DF8-B66E-DB8B532BD4E9}"
EndProject
Project("{2150E333-8FDC-42A3-9474-1A3956D46DE8}") = "AuthService", "AuthService", "{4ACD6ADF-9837-42EF-B899-5B4BDADA8FAC}"
EndProject
Project("{2150E333-8FDC-42A3-9474-1A3956D46DE8}") = "API", "API", "{B6CD1473-71F2-4700-A640-047C3C8FB7A2}"
EndProject
Project("{2150E333-8FDC-42A3-9474-1A3956D46DE8}") = "Core", "Core", "{631F63EA-A882-4100-B59F-F2880B72B827}"
EndProject
Project("{2150E333-8FDC-42A3-9474-1A3956D46DE8}") = "Infrastructure", "Infrastructure", "{9AB9D32F-CB39-4B80-9A22-5FE18C6F3411}"
EndProject
Project("{9A19103F-16F7-4668-BE54-9A1E7A4F7556}") = "AuthService.API", "Microservices\AuthService\AuthService.API\AuthService.API.csproj", "{58ED4A56-DE09-461D-B6B0-4F3F92032929}"
EndProject
Project("{9A19103F-16F7-4668-BE54-9A1E7A4F7556}") = "AuthService.Domain", "Microservices\AuthService\AuthService.Domain\AuthService.Domain.csproj", "{979AFF5F-DF98-4ECC-AA5C-2296B97C755D}"
EndProject
Project("{9A19103F-16F7-4668-BE54-9A1E7A4F7556}") = "AuthService.Application", "Microservices\AuthService\AuthService.Application\AuthService.Application.csproj", "{97416ECA-7E9A-434E-9F8A-BCBF6C3D32E0}"
EndProject
Project("{9A19103F-16F7-4668-BE54-9A1E7A4F7556}") = "AuthService.Infrastructure.Persistence", "Microservices\AuthService\AuthService.Infrastructure.Persistence\AuthService.Infrastructure.Persistence.csproj", "{592EF2B7-F4F2-46F3-91CB-692D6BB02BFC}"
EndProject
Project("{9A19103F-16F7-4668-BE54-9A1E7A4F7556}") = "APIGateway", "APIGateway\APIGateway.csproj", "{2251058A-5CE5-4DFB-93A3-F6E26CC4E329}"
EndProject
Project("{2150E333-8FDC-42A3-9474-1A3956D46DE8}") = "APIGateway", "APIGateway", "{79FFB6C8-BFC3-4A64-B7C9-87DD4CE62575}"
EndProject
Global
	GlobalSection(SolutionConfigurationPlatforms) = preSolution
		Debug|Any CPU = Debug|Any CPU
		Release|Any CPU = Release|Any CPU
	EndGlobalSection
	GlobalSection(ProjectConfigurationPlatforms) = postSolution
		{3A9FC50E-4C4C-486F-ACBB-8633C1632A70}.Debug|Any CPU.ActiveCfg = Debug|Any CPU
		{3A9FC50E-4C4C-486F-ACBB-8633C1632A70}.Debug|Any CPU.Build.0 = Debug|Any CPU
		{3A9FC50E-4C4C-486F-ACBB-8633C1632A70}.Release|Any CPU.ActiveCfg = Release|Any CPU
		{3A9FC50E-4C4C-486F-ACBB-8633C1632A70}.Release|Any CPU.Build.0 = Release|Any CPU
		{0237B0FA-62AD-4FEF-8DBF-F2FB62D160E4}.Debug|Any CPU.ActiveCfg = Debug|Any CPU
		{0237B0FA-62AD-4FEF-8DBF-F2FB62D160E4}.Debug|Any CPU.Build.0 = Debug|Any CPU
		{0237B0FA-62AD-4FEF-8DBF-F2FB62D160E4}.Release|Any CPU.ActiveCfg = Release|Any CPU
		{0237B0FA-62AD-4FEF-8DBF-F2FB62D160E4}.Release|Any CPU.Build.0 = Release|Any CPU
		{E5420669-D614-4ED5-87B7-85E447948F41}.Debug|Any CPU.ActiveCfg = Debug|Any CPU
		{E5420669-D614-4ED5-87B7-85E447948F41}.Debug|Any CPU.Build.0 = Debug|Any CPU
		{E5420669-D614-4ED5-87B7-85E447948F41}.Release|Any CPU.ActiveCfg = Release|Any CPU
		{E5420669-D614-4ED5-87B7-85E447948F41}.Release|Any CPU.Build.0 = Release|Any CPU
		{285610AA-A859-49A4-9304-CAC1728E5D1D}.Debug|Any CPU.ActiveCfg = Debug|Any CPU
		{285610AA-A859-49A4-9304-CAC1728E5D1D}.Debug|Any CPU.Build.0 = Debug|Any CPU
		{285610AA-A859-49A4-9304-CAC1728E5D1D}.Release|Any CPU.ActiveCfg = Release|Any CPU
		{285610AA-A859-49A4-9304-CAC1728E5D1D}.Release|Any CPU.Build.0 = Release|Any CPU
		{1C4BF1B9-6685-4207-979E-E77E9C94E4D0}.Debug|Any CPU.ActiveCfg = Debug|Any CPU
		{1C4BF1B9-6685-4207-979E-E77E9C94E4D0}.Debug|Any CPU.Build.0 = Debug|Any CPU
		{1C4BF1B9-6685-4207-979E-E77E9C94E4D0}.Release|Any CPU.ActiveCfg = Release|Any CPU
		{1C4BF1B9-6685-4207-979E-E77E9C94E4D0}.Release|Any CPU.Build.0 = Release|Any CPU
		{061B37D0-3A76-4349-AC6B-31AA0DD3F612}.Debug|Any CPU.ActiveCfg = Debug|Any CPU
		{061B37D0-3A76-4349-AC6B-31AA0DD3F612}.Debug|Any CPU.Build.0 = Debug|Any CPU
		{061B37D0-3A76-4349-AC6B-31AA0DD3F612}.Release|Any CPU.ActiveCfg = Release|Any CPU
		{061B37D0-3A76-4349-AC6B-31AA0DD3F612}.Release|Any CPU.Build.0 = Release|Any CPU
		{8AF846BE-CC26-41F8-8B79-2DD456DF94F3}.Debug|Any CPU.ActiveCfg = Debug|Any CPU
		{8AF846BE-CC26-41F8-8B79-2DD456DF94F3}.Debug|Any CPU.Build.0 = Debug|Any CPU
		{8AF846BE-CC26-41F8-8B79-2DD456DF94F3}.Release|Any CPU.ActiveCfg = Release|Any CPU
		{8AF846BE-CC26-41F8-8B79-2DD456DF94F3}.Release|Any CPU.Build.0 = Release|Any CPU
		{907D1F30-5A89-437A-A264-9C93881AE34E}.Debug|Any CPU.ActiveCfg = Debug|Any CPU
		{907D1F30-5A89-437A-A264-9C93881AE34E}.Debug|Any CPU.Build.0 = Debug|Any CPU
		{907D1F30-5A89-437A-A264-9C93881AE34E}.Release|Any CPU.ActiveCfg = Release|Any CPU
		{907D1F30-5A89-437A-A264-9C93881AE34E}.Release|Any CPU.Build.0 = Release|Any CPU
		{61E79C53-4833-4699-9460-97E6C886C073}.Debug|Any CPU.ActiveCfg = Debug|Any CPU
		{61E79C53-4833-4699-9460-97E6C886C073}.Debug|Any CPU.Build.0 = Debug|Any CPU
		{61E79C53-4833-4699-9460-97E6C886C073}.Release|Any CPU.ActiveCfg = Release|Any CPU
		{61E79C53-4833-4699-9460-97E6C886C073}.Release|Any CPU.Build.0 = Release|Any CPU
		{9BBD49C6-E7F6-4DF8-B66E-DB8B532BD4E9}.Debug|Any CPU.ActiveCfg = Debug|Any CPU
		{9BBD49C6-E7F6-4DF8-B66E-DB8B532BD4E9}.Debug|Any CPU.Build.0 = Debug|Any CPU
		{9BBD49C6-E7F6-4DF8-B66E-DB8B532BD4E9}.Release|Any CPU.ActiveCfg = Release|Any CPU
		{9BBD49C6-E7F6-4DF8-B66E-DB8B532BD4E9}.Release|Any CPU.Build.0 = Release|Any CPU
		{58ED4A56-DE09-461D-B6B0-4F3F92032929}.Debug|Any CPU.ActiveCfg = Debug|Any CPU
		{58ED4A56-DE09-461D-B6B0-4F3F92032929}.Debug|Any CPU.Build.0 = Debug|Any CPU
		{58ED4A56-DE09-461D-B6B0-4F3F92032929}.Release|Any CPU.ActiveCfg = Release|Any CPU
		{58ED4A56-DE09-461D-B6B0-4F3F92032929}.Release|Any CPU.Build.0 = Release|Any CPU
		{979AFF5F-DF98-4ECC-AA5C-2296B97C755D}.Debug|Any CPU.ActiveCfg = Debug|Any CPU
		{979AFF5F-DF98-4ECC-AA5C-2296B97C755D}.Debug|Any CPU.Build.0 = Debug|Any CPU
		{979AFF5F-DF98-4ECC-AA5C-2296B97C755D}.Release|Any CPU.ActiveCfg = Release|Any CPU
		{979AFF5F-DF98-4ECC-AA5C-2296B97C755D}.Release|Any CPU.Build.0 = Release|Any CPU
		{97416ECA-7E9A-434E-9F8A-BCBF6C3D32E0}.Debug|Any CPU.ActiveCfg = Debug|Any CPU
		{97416ECA-7E9A-434E-9F8A-BCBF6C3D32E0}.Debug|Any CPU.Build.0 = Debug|Any CPU
		{97416ECA-7E9A-434E-9F8A-BCBF6C3D32E0}.Release|Any CPU.ActiveCfg = Release|Any CPU
		{97416ECA-7E9A-434E-9F8A-BCBF6C3D32E0}.Release|Any CPU.Build.0 = Release|Any CPU
		{592EF2B7-F4F2-46F3-91CB-692D6BB02BFC}.Debug|Any CPU.ActiveCfg = Debug|Any CPU
		{592EF2B7-F4F2-46F3-91CB-692D6BB02BFC}.Debug|Any CPU.Build.0 = Debug|Any CPU
		{592EF2B7-F4F2-46F3-91CB-692D6BB02BFC}.Release|Any CPU.ActiveCfg = Release|Any CPU
		{592EF2B7-F4F2-46F3-91CB-692D6BB02BFC}.Release|Any CPU.Build.0 = Release|Any CPU
		{2251058A-5CE5-4DFB-93A3-F6E26CC4E329}.Debug|Any CPU.ActiveCfg = Debug|Any CPU
		{2251058A-5CE5-4DFB-93A3-F6E26CC4E329}.Debug|Any CPU.Build.0 = Debug|Any CPU
		{2251058A-5CE5-4DFB-93A3-F6E26CC4E329}.Release|Any CPU.ActiveCfg = Release|Any CPU
		{2251058A-5CE5-4DFB-93A3-F6E26CC4E329}.Release|Any CPU.Build.0 = Release|Any CPU
	EndGlobalSection
	GlobalSection(SolutionProperties) = preSolution
		HideSolutionNode = FALSE
	EndGlobalSection
	GlobalSection(NestedProjects) = preSolution
		{3A9FC50E-4C4C-486F-ACBB-8633C1632A70} = {409FBD95-3425-409A-9391-EEABA86129A8}
		{3B49BF2D-D21A-49B0-A1E1-1A5DC599F8F7} = {D5462664-5448-4111-B718-54B3594ABF3A}
		{B5E77D04-54FC-4CB2-8676-09243576737D} = {D5462664-5448-4111-B718-54B3594ABF3A}
		{409FBD95-3425-409A-9391-EEABA86129A8} = {D5462664-5448-4111-B718-54B3594ABF3A}
		{E5420669-D614-4ED5-87B7-85E447948F41} = {B5E77D04-54FC-4CB2-8676-09243576737D}
		{285610AA-A859-49A4-9304-CAC1728E5D1D} = {B5E77D04-54FC-4CB2-8676-09243576737D}
		{D5462664-5448-4111-B718-54B3594ABF3A} = {29A9398E-44A6-494F-9FB0-5E6FAA1FE849}
		{F2C4BCCE-79F8-497D-9C25-446EE28F3032} = {29A9398E-44A6-494F-9FB0-5E6FAA1FE849}
		{1C4BF1B9-6685-4207-979E-E77E9C94E4D0} = {F2C4BCCE-79F8-497D-9C25-446EE28F3032}
		{061B37D0-3A76-4349-AC6B-31AA0DD3F612} = {3B49BF2D-D21A-49B0-A1E1-1A5DC599F8F7}
		{B24759FE-16D5-4194-97FF-11B94B3261E8} = {29A9398E-44A6-494F-9FB0-5E6FAA1FE849}
		{9773E8CD-C50F-43C2-B8BE-96E4938C4309} = {B24759FE-16D5-4194-97FF-11B94B3261E8}
		{931782D4-2127-42E1-BF36-FEA5AA136376} = {B24759FE-16D5-4194-97FF-11B94B3261E8}
		{74C8F4DD-9333-4290-945C-A7368B133373} = {B24759FE-16D5-4194-97FF-11B94B3261E8}
		{8AF846BE-CC26-41F8-8B79-2DD456DF94F3} = {9773E8CD-C50F-43C2-B8BE-96E4938C4309}
		{907D1F30-5A89-437A-A264-9C93881AE34E} = {931782D4-2127-42E1-BF36-FEA5AA136376}
		{61E79C53-4833-4699-9460-97E6C886C073} = {931782D4-2127-42E1-BF36-FEA5AA136376}
		{9BBD49C6-E7F6-4DF8-B66E-DB8B532BD4E9} = {74C8F4DD-9333-4290-945C-A7368B133373}
		{4ACD6ADF-9837-42EF-B899-5B4BDADA8FAC} = {29A9398E-44A6-494F-9FB0-5E6FAA1FE849}
		{B6CD1473-71F2-4700-A640-047C3C8FB7A2} = {4ACD6ADF-9837-42EF-B899-5B4BDADA8FAC}
		{631F63EA-A882-4100-B59F-F2880B72B827} = {4ACD6ADF-9837-42EF-B899-5B4BDADA8FAC}
		{9AB9D32F-CB39-4B80-9A22-5FE18C6F3411} = {4ACD6ADF-9837-42EF-B899-5B4BDADA8FAC}
		{58ED4A56-DE09-461D-B6B0-4F3F92032929} = {B6CD1473-71F2-4700-A640-047C3C8FB7A2}
		{979AFF5F-DF98-4ECC-AA5C-2296B97C755D} = {631F63EA-A882-4100-B59F-F2880B72B827}
		{97416ECA-7E9A-434E-9F8A-BCBF6C3D32E0} = {631F63EA-A882-4100-B59F-F2880B72B827}
		{592EF2B7-F4F2-46F3-91CB-692D6BB02BFC} = {9AB9D32F-CB39-4B80-9A22-5FE18C6F3411}
		{2251058A-5CE5-4DFB-93A3-F6E26CC4E329} = {79FFB6C8-BFC3-4A64-B7C9-87DD4CE62575}
	EndGlobalSection
	GlobalSection(ExtensibilityGlobals) = postSolution
		SolutionGuid = {883F2E6C-9F8E-43E0-8CC0-BA4A158F3743}
	EndGlobalSection
EndGlobal
